PODS:
  - ChartboostSDK (7.3.0)
  - Google-Mobile-Ads-SDK (7.38.0)
  - TapsellPlusSDK (1.3.0):
    - TapsellPlusSDK/Default (= 1.3.0)
  - TapsellPlusSDK/AdMobAdapter (1.3.0):
    - Google-Mobile-Ads-SDK (= 7.38.0)
    - TapsellPlusSDK/Core (~> 1.3.0)
  - TapsellPlusSDK/ChartBoostAdapter (1.3.0):
    - ChartboostSDK (= 7.3.0)
    - TapsellPlusSDK/Core (~> 1.3.0)
  - TapsellPlusSDK/Core (1.3.0)
  - TapsellPlusSDK/Default (1.3.0):
    - TapsellPlusSDK/AdMobAdapter (~> 1.3.0)
    - TapsellPlusSDK/ChartBoostAdapter (~> 1.3.0)
    - TapsellPlusSDK/Core (~> 1.3.0)
    - TapsellPlusSDK/TapsellAdapter (~> 1.3.0)
    - TapsellPlusSDK/UnityAdsAdapter (~> 1.3.0)
  - TapsellPlusSDK/TapsellAdapter (1.3.0):
    - TapsellPlusSDK/Core (~> 1.3.0)
    - TapsellSDKv3 (= 1.3.0)
  - TapsellPlusSDK/UnityAdsAdapter (1.3.0):
    - TapsellPlusSDK/Core (~> 1.3.0)
    - UnityAds (= 3.0.0)
  - TapsellSDKv3 (1.3.0)
  - UnityAds (3.0.0)

DEPENDENCIES:
  - TapsellPlusSDK (= 1.3.0)

SPEC REPOS:
  trunk:
    - ChartboostSDK
    - Google-Mobile-Ads-SDK
    - TapsellPlusSDK
    - TapsellSDKv3
    - UnityAds

SPEC CHECKSUMS:
  ChartboostSDK: 63bbdcad37dd78012acaba1f904e82ddb0eb921d
  Google-Mobile-Ads-SDK: fec4a72b71a81302d3fd75454df3417c03c50ed5
  TapsellPlusSDK: df306dc0c438cae8c9a25f87f973200ab0ce3aa4
  TapsellSDKv3: 56b88e0db3680534b95a9190c1dfad096cbb37d4
  UnityAds: ff7c0f477873f40daccd7c0bd0b656cb6cf5a2e5

PODFILE CHECKSUM: a5dc02fc5a1438648586ba0652bc904cbf6325d7

COCOAPODS: 1.8.3
