// !$*UTF8*$!
{
	archiveVersion = 1;
	classes = {
	};
	objectVersion = 51;
	objects = {

/* Begin PBXBuildFile section */
		111BDC6B22D295D400B5211F /* AppDelegate.swift in Sources */ = {isa = PBXBuildFile; fileRef = 111BDC6A22D295D400B5211F /* AppDelegate.swift */; };
		111BDC6D22D295D400B5211F /* ViewController.swift in Sources */ = {isa = PBXBuildFile; fileRef = 111BDC6C22D295D400B5211F /* ViewController.swift */; };
		111BDC7022D295D400B5211F /* Main.storyboard in Resources */ = {isa = PBXBuildFile; fileRef = 111BDC6E22D295D400B5211F /* Main.storyboard */; };
		111BDC7222D295EC00B5211F /* Assets.xcassets in Resources */ = {isa = PBXBuildFile; fileRef = 111BDC7122D295EC00B5211F /* Assets.xcassets */; };
		111BDC7522D295EC00B5211F /* LaunchScreen.storyboard in Resources */ = {isa = PBXBuildFile; fileRef = 111BDC7322D295EC00B5211F /* LaunchScreen.storyboard */; };
		DAB4D09473D215FB485FDCFB /* Pods_TapsellPlusSDK_SwiftSample.framework in Frameworks */ = {isa = PBXBuildFile; fileRef = C2A37354A6A3717A377FBCB2 /* Pods_TapsellPlusSDK_SwiftSample.framework */; };
/* End PBXBuildFile section */

/* Begin PBXFileReference section */
		082489749CC17BA8BB338F0F /* Pods-TapsellPlusSDK-SwiftSample.debug.xcconfig */ = {isa = PBXFileReference; includeInIndex = 1; lastKnownFileType = text.xcconfig; name = "Pods-TapsellPlusSDK-SwiftSample.debug.xcconfig"; path = "Target Support Files/Pods-TapsellPlusSDK-SwiftSample/Pods-TapsellPlusSDK-SwiftSample.debug.xcconfig"; sourceTree = "<group>"; };
		111BDC6722D295D400B5211F /* TapsellPlusSDK-SwiftSample.app */ = {isa = PBXFileReference; explicitFileType = wrapper.application; includeInIndex = 0; path = "TapsellPlusSDK-SwiftSample.app"; sourceTree = BUILT_PRODUCTS_DIR; };
		111BDC6A22D295D400B5211F /* AppDelegate.swift */ = {isa = PBXFileReference; lastKnownFileType = sourcecode.swift; path = AppDelegate.swift; sourceTree = "<group>"; };
		111BDC6C22D295D400B5211F /* ViewController.swift */ = {isa = PBXFileReference; lastKnownFileType = sourcecode.swift; path = ViewController.swift; sourceTree = "<group>"; };
		111BDC6F22D295D400B5211F /* Base */ = {isa = PBXFileReference; lastKnownFileType = file.storyboard; name = Base; path = Base.lproj/Main.storyboard; sourceTree = "<group>"; };
		111BDC7122D295EC00B5211F /* Assets.xcassets */ = {isa = PBXFileReference; lastKnownFileType = folder.assetcatalog; path = Assets.xcassets; sourceTree = "<group>"; };
		111BDC7422D295EC00B5211F /* Base */ = {isa = PBXFileReference; lastKnownFileType = file.storyboard; name = Base; path = Base.lproj/LaunchScreen.storyboard; sourceTree = "<group>"; };
		111BDC7622D295EC00B5211F /* Info.plist */ = {isa = PBXFileReference; lastKnownFileType = text.plist.xml; path = Info.plist; sourceTree = "<group>"; };
		76F4B1B8FCF1EE7F45A61825 /* Pods-TapsellPlusSDK-SwiftSample.release.xcconfig */ = {isa = PBXFileReference; includeInIndex = 1; lastKnownFileType = text.xcconfig; name = "Pods-TapsellPlusSDK-SwiftSample.release.xcconfig"; path = "Target Support Files/Pods-TapsellPlusSDK-SwiftSample/Pods-TapsellPlusSDK-SwiftSample.release.xcconfig"; sourceTree = "<group>"; };
		C2A37354A6A3717A377FBCB2 /* Pods_TapsellPlusSDK_SwiftSample.framework */ = {isa = PBXFileReference; explicitFileType = wrapper.framework; includeInIndex = 0; path = Pods_TapsellPlusSDK_SwiftSample.framework; sourceTree = BUILT_PRODUCTS_DIR; };
/* End PBXFileReference section */

/* Begin PBXFrameworksBuildPhase section */
		111BDC6422D295D400B5211F /* Frameworks */ = {
			isa = PBXFrameworksBuildPhase;
			buildActionMask = 2147483647;
			files = (
				DAB4D09473D215FB485FDCFB /* Pods_TapsellPlusSDK_SwiftSample.framework in Frameworks */,
			);
			runOnlyForDeploymentPostprocessing = 0;
		};
/* End PBXFrameworksBuildPhase section */

/* Begin PBXGroup section */
		111BDC5E22D295D400B5211F = {
			isa = PBXGroup;
			children = (
				111BDC6922D295D400B5211F /* TapsellPlusSDK-SwiftSample */,
				111BDC6822D295D400B5211F /* Products */,
				88768109DBF496E817E75DA6 /* Pods */,
				D3D411C9283B7E5DB4B5DD5D /* Frameworks */,
			);
			sourceTree = "<group>";
		};
		111BDC6822D295D400B5211F /* Products */ = {
			isa = PBXGroup;
			children = (
				111BDC6722D295D400B5211F /* TapsellPlusSDK-SwiftSample.app */,
			);
			name = Products;
			sourceTree = "<group>";
		};
		111BDC6922D295D400B5211F /* TapsellPlusSDK-SwiftSample */ = {
			isa = PBXGroup;
			children = (
				111BDC6A22D295D400B5211F /* AppDelegate.swift */,
				111BDC6C22D295D400B5211F /* ViewController.swift */,
				111BDC6E22D295D400B5211F /* Main.storyboard */,
				111BDC7122D295EC00B5211F /* Assets.xcassets */,
				111BDC7322D295EC00B5211F /* LaunchScreen.storyboard */,
				111BDC7622D295EC00B5211F /* Info.plist */,
			);
			path = "TapsellPlusSDK-SwiftSample";
			sourceTree = "<group>";
		};
		88768109DBF496E817E75DA6 /* Pods */ = {
			isa = PBXGroup;
			children = (
				082489749CC17BA8BB338F0F /* Pods-TapsellPlusSDK-SwiftSample.debug.xcconfig */,
				76F4B1B8FCF1EE7F45A61825 /* Pods-TapsellPlusSDK-SwiftSample.release.xcconfig */,
			);
			path = Pods;
			sourceTree = "<group>";
		};
		D3D411C9283B7E5DB4B5DD5D /* Frameworks */ = {
			isa = PBXGroup;
			children = (
				C2A37354A6A3717A377FBCB2 /* Pods_TapsellPlusSDK_SwiftSample.framework */,
			);
			name = Frameworks;
			sourceTree = "<group>";
		};
/* End PBXGroup section */

/* Begin PBXNativeTarget section */
		111BDC6622D295D400B5211F /* TapsellPlusSDK-SwiftSample */ = {
			isa = PBXNativeTarget;
			buildConfigurationList = 111BDC7922D295EC00B5211F /* Build configuration list for PBXNativeTarget "TapsellPlusSDK-SwiftSample" */;
			buildPhases = (
				7AD2030149E036907C659398 /* [CP] Check Pods Manifest.lock */,
				111BDC6322D295D400B5211F /* Sources */,
				111BDC6422D295D400B5211F /* Frameworks */,
				111BDC6522D295D400B5211F /* Resources */,
				F93135312E7B19BA5B1BB4E8 /* [CP] Embed Pods Frameworks */,
			);
			buildRules = (
			);
			dependencies = (
			);
			name = "TapsellPlusSDK-SwiftSample";
			productName = "TapsellPlusSDK-SwiftSample";
			productReference = 111BDC6722D295D400B5211F /* TapsellPlusSDK-SwiftSample.app */;
			productType = "com.apple.product-type.application";
		};
/* End PBXNativeTarget section */

/* Begin PBXProject section */
		111BDC5F22D295D400B5211F /* Project object */ = {
			isa = PBXProject;
			attributes = {
				LastSwiftUpdateCheck = 1010;
				LastUpgradeCheck = 1010;
				ORGANIZATIONNAME = Tapsell;
				TargetAttributes = {
					111BDC6622D295D400B5211F = {
						CreatedOnToolsVersion = 10.1;
					};
				};
			};
			buildConfigurationList = 111BDC6222D295D400B5211F /* Build configuration list for PBXProject "TapsellPlusSDK-SwiftSample" */;
			compatibilityVersion = "Xcode 9.3";
			developmentRegion = en;
			hasScannedForEncodings = 0;
			knownRegions = (
				en,
				Base,
			);
			mainGroup = 111BDC5E22D295D400B5211F;
			productRefGroup = 111BDC6822D295D400B5211F /* Products */;
			projectDirPath = "";
			projectRoot = "";
			targets = (
				111BDC6622D295D400B5211F /* TapsellPlusSDK-SwiftSample */,
			);
		};
/* End PBXProject section */

/* Begin PBXResourcesBuildPhase section */
		111BDC6522D295D400B5211F /* Resources */ = {
			isa = PBXResourcesBuildPhase;
			buildActionMask = 2147483647;
			files = (
				111BDC7522D295EC00B5211F /* LaunchScreen.storyboard in Resources */,
				111BDC7222D295EC00B5211F /* Assets.xcassets in Resources */,
				111BDC7022D295D400B5211F /* Main.storyboard in Resources */,
			);
			runOnlyForDeploymentPostprocessing = 0;
		};
/* End PBXResourcesBuildPhase section */

/* Begin PBXShellScriptBuildPhase section */
		7AD2030149E036907C659398 /* [CP] Check Pods Manifest.lock */ = {
			isa = PBXShellScriptBuildPhase;
			buildActionMask = 2147483647;
			files = (
			);
			inputFileListPaths = (
			);
			inputPaths = (
				"${PODS_PODFILE_DIR_PATH}/Podfile.lock",
				"${PODS_ROOT}/Manifest.lock",
			);
			name = "[CP] Check Pods Manifest.lock";
			outputFileListPaths = (
			);
			outputPaths = (
				"$(DERIVED_FILE_DIR)/Pods-TapsellPlusSDK-SwiftSample-checkManifestLockResult.txt",
			);
			runOnlyForDeploymentPostprocessing = 0;
			shellPath = /bin/sh;
			shellScript = "diff \"${PODS_PODFILE_DIR_PATH}/Podfile.lock\" \"${PODS_ROOT}/Manifest.lock\" > /dev/null\nif [ $? != 0 ] ; then\n    # print error to STDERR\n    echo \"error: The sandbox is not in sync with the Podfile.lock. Run 'pod install' or update your CocoaPods installation.\" >&2\n    exit 1\nfi\n# This output is used by Xcode 'outputs' to avoid re-running this script phase.\necho \"SUCCESS\" > \"${SCRIPT_OUTPUT_FILE_0}\"\n";
			showEnvVarsInLog = 0;
		};
		F93135312E7B19BA5B1BB4E8 /* [CP] Embed Pods Frameworks */ = {
			isa = PBXShellScriptBuildPhase;
			buildActionMask = 2147483647;
			files = (
			);
			inputFileListPaths = (
				"${PODS_ROOT}/Target Support Files/Pods-TapsellPlusSDK-SwiftSample/Pods-TapsellPlusSDK-SwiftSample-frameworks-${CONFIGURATION}-input-files.xcfilelist",
			);
			name = "[CP] Embed Pods Frameworks";
			outputFileListPaths = (
				"${PODS_ROOT}/Target Support Files/Pods-TapsellPlusSDK-SwiftSample/Pods-TapsellPlusSDK-SwiftSample-frameworks-${CONFIGURATION}-output-files.xcfilelist",
			);
			runOnlyForDeploymentPostprocessing = 0;
			shellPath = /bin/sh;
			shellScript = "\"${PODS_ROOT}/Target Support Files/Pods-TapsellPlusSDK-SwiftSample/Pods-TapsellPlusSDK-SwiftSample-frameworks.sh\"\n";
			showEnvVarsInLog = 0;
		};
/* End PBXShellScriptBuildPhase section */

/* Begin PBXSourcesBuildPhase section */
		111BDC6322D295D400B5211F /* Sources */ = {
			isa = PBXSourcesBuildPhase;
			buildActionMask = 2147483647;
			files = (
				111BDC6D22D295D400B5211F /* ViewController.swift in Sources */,
				111BDC6B22D295D400B5211F /* AppDelegate.swift in Sources */,
			);
			runOnlyForDeploymentPostprocessing = 0;
		};
/* End PBXSourcesBuildPhase section */

/* Begin PBXVariantGroup section */
		111BDC6E22D295D400B5211F /* Main.storyboard */ = {
			isa = PBXVariantGroup;
			children = (
				111BDC6F22D295D400B5211F /* Base */,
			);
			name = Main.storyboard;
			sourceTree = "<group>";
		};
		111BDC7322D295EC00B5211F /* LaunchScreen.storyboard */ = {
			isa = PBXVariantGroup;
			children = (
				111BDC7422D295EC00B5211F /* Base */,
			);
			name = LaunchScreen.storyboard;
			sourceTree = "<group>";
		};
/* End PBXVariantGroup section */

/* Begin XCBuildConfiguration section */
		111BDC7722D295EC00B5211F /* Debug */ = {
			isa = XCBuildConfiguration;
			buildSettings = {
				ALWAYS_SEARCH_USER_PATHS = NO;
				CLANG_ANALYZER_NONNULL = YES;
				CLANG_ANALYZER_NUMBER_OBJECT_CONVERSION = YES_AGGRESSIVE;
				CLANG_CXX_LANGUAGE_STANDARD = "gnu++14";
				CLANG_CXX_LIBRARY = "libc++";
				CLANG_ENABLE_MODULES = YES;
				CLANG_ENABLE_OBJC_ARC = YES;
				CLANG_ENABLE_OBJC_WEAK = YES;
				CLANG_WARN_BLOCK_CAPTURE_AUTORELEASING = YES;
				CLANG_WARN_BOOL_CONVERSION = YES;
				CLANG_WARN_COMMA = YES;
				CLANG_WARN_CONSTANT_CONVERSION = YES;
				CLANG_WARN_DEPRECATED_OBJC_IMPLEMENTATIONS = YES;
				CLANG_WARN_DIRECT_OBJC_ISA_USAGE = YES_ERROR;
				CLANG_WARN_DOCUMENTATION_COMMENTS = YES;
				CLANG_WARN_EMPTY_BODY = YES;
				CLANG_WARN_ENUM_CONVERSION = YES;
				CLANG_WARN_INFINITE_RECURSION = YES;
				CLANG_WARN_INT_CONVERSION = YES;
				CLANG_WARN_NON_LITERAL_NULL_CONVERSION = YES;
				CLANG_WARN_OBJC_IMPLICIT_RETAIN_SELF = YES;
				CLANG_WARN_OBJC_LITERAL_CONVERSION = YES;
				CLANG_WARN_OBJC_ROOT_CLASS = YES_ERROR;
				CLANG_WARN_RANGE_LOOP_ANALYSIS = YES;
				CLANG_WARN_STRICT_PROTOTYPES = YES;
				CLANG_WARN_SUSPICIOUS_MOVE = YES;
				CLANG_WARN_UNGUARDED_AVAILABILITY = YES_AGGRESSIVE;
				CLANG_WARN_UNREACHABLE_CODE = YES;
				CLANG_WARN__DUPLICATE_METHOD_MATCH = YES;
				CODE_SIGN_IDENTITY = "iPhone Developer";
				COPY_PHASE_STRIP = NO;
				DEBUG_INFORMATION_FORMAT = dwarf;
				ENABLE_STRICT_OBJC_MSGSEND = YES;
				ENABLE_TESTABILITY = YES;
				GCC_C_LANGUAGE_STANDARD = gnu11;
				GCC_DYNAMIC_NO_PIC = NO;
				GCC_NO_COMMON_BLOCKS = YES;
				GCC_OPTIMIZATION_LEVEL = 0;
				GCC_PREPROCESSOR_DEFINITIONS = (
					"DEBUG=1",
					"$(inherited)",
				);
				GCC_WARN_64_TO_32_BIT_CONVERSION = YES;
				GCC_WARN_ABOUT_RETURN_TYPE = YES_ERROR;
				GCC_WARN_UNDECLARED_SELECTOR = YES;
				GCC_WARN_UNINITIALIZED_AUTOS = YES_AGGRESSIVE;
				GCC_WARN_UNUSED_FUNCTION = YES;
				GCC_WARN_UNUSED_VARIABLE = YES;
				IPHONEOS_DEPLOYMENT_TARGET = 12.1;
				MTL_ENABLE_DEBUG_INFO = INCLUDE_SOURCE;
				MTL_FAST_MATH = YES;
				ONLY_ACTIVE_ARCH = YES;
				SDKROOT = iphoneos;
				SWIFT_ACTIVE_COMPILATION_CONDITIONS = DEBUG;
				SWIFT_OPTIMIZATION_LEVEL = "-Onone";
			};
			name = Debug;
		};
		111BDC7822D295EC00B5211F /* Release */ = {
			isa = XCBuildConfiguration;
			buildSettings = {
				ALWAYS_SEARCH_USER_PATHS = NO;
				CLANG_ANALYZER_NONNULL = YES;
				CLANG_ANALYZER_NUMBER_OBJECT_CONVERSION = YES_AGGRESSIVE;
				CLANG_CXX_LANGUAGE_STANDARD = "gnu++14";
				CLANG_CXX_LIBRARY = "libc++";
				CLANG_ENABLE_MODULES = YES;
				CLANG_ENABLE_OBJC_ARC = YES;
				CLANG_ENABLE_OBJC_WEAK = YES;
				CLANG_WARN_BLOCK_CAPTURE_AUTORELEASING = YES;
				CLANG_WARN_BOOL_CONVERSION = YES;
				CLANG_WARN_COMMA = YES;
				CLANG_WARN_CONSTANT_CONVERSION = YES;
				CLANG_WARN_DEPRECATED_OBJC_IMPLEMENTATIONS = YES;
				CLANG_WARN_DIRECT_OBJC_ISA_USAGE = YES_ERROR;
				CLANG_WARN_DOCUMENTATION_COMMENTS = YES;
				CLANG_WARN_EMPTY_BODY = YES;
				CLANG_WARN_ENUM_CONVERSION = YES;
				CLANG_WARN_INFINITE_RECURSION = YES;
				CLANG_WARN_INT_CONVERSION = YES;
				CLANG_WARN_NON_LITERAL_NULL_CONVERSION = YES;
				CLANG_WARN_OBJC_IMPLICIT_RETAIN_SELF = YES;
				CLANG_WARN_OBJC_LITERAL_CONVERSION = YES;
				CLANG_WARN_OBJC_ROOT_CLASS = YES_ERROR;
				CLANG_WARN_RANGE_LOOP_ANALYSIS = YES;
				CLANG_WARN_STRICT_PROTOTYPES = YES;
				CLANG_WARN_SUSPICIOUS_MOVE = YES;
				CLANG_WARN_UNGUARDED_AVAILABILITY = YES_AGGRESSIVE;
				CLANG_WARN_UNREACHABLE_CODE = YES;
				CLANG_WARN__DUPLICATE_METHOD_MATCH = YES;
				CODE_SIGN_IDENTITY = "iPhone Developer";
				COPY_PHASE_STRIP = NO;
				DEBUG_INFORMATION_FORMAT = "dwarf-with-dsym";
				ENABLE_NS_ASSERTIONS = NO;
				ENABLE_STRICT_OBJC_MSGSEND = YES;
				GCC_C_LANGUAGE_STANDARD = gnu11;
				GCC_NO_COMMON_BLOCKS = YES;
				GCC_WARN_64_TO_32_BIT_CONVERSION = YES;
				GCC_WARN_ABOUT_RETURN_TYPE = YES_ERROR;
				GCC_WARN_UNDECLARED_SELECTOR = YES;
				GCC_WARN_UNINITIALIZED_AUTOS = YES_AGGRESSIVE;
				GCC_WARN_UNUSED_FUNCTION = YES;
				GCC_WARN_UNUSED_VARIABLE = YES;
				IPHONEOS_DEPLOYMENT_TARGET = 12.1;
				MTL_ENABLE_DEBUG_INFO = NO;
				MTL_FAST_MATH = YES;
				SDKROOT = iphoneos;
				SWIFT_COMPILATION_MODE = wholemodule;
				SWIFT_OPTIMIZATION_LEVEL = "-O";
				VALIDATE_PRODUCT = YES;
			};
			name = Release;
		};
		111BDC7A22D295EC00B5211F /* Debug */ = {
			isa = XCBuildConfiguration;
			baseConfigurationReference = 082489749CC17BA8BB338F0F /* Pods-TapsellPlusSDK-SwiftSample.debug.xcconfig */;
			buildSettings = {
				ASSETCATALOG_COMPILER_APPICON_NAME = AppIcon;
				CODE_SIGN_STYLE = Automatic;
				DEVELOPMENT_TEAM = 22N5BV2JXC;
				INFOPLIST_FILE = "TapsellPlusSDK-SwiftSample/Info.plist";
				IPHONEOS_DEPLOYMENT_TARGET = 9.0;
				LD_RUNPATH_SEARCH_PATHS = (
					"$(inherited)",
					"@executable_path/Frameworks",
				);
				PRODUCT_BUNDLE_IDENTIFIER = "cc.adapp.TapsellPlusSDK-SwiftSample";
				PRODUCT_NAME = "$(TARGET_NAME)";
				SWIFT_VERSION = 4.2;
				TARGETED_DEVICE_FAMILY = "1,2";
			};
			name = Debug;
		};
		111BDC7B22D295EC00B5211F /* Release */ = {
			isa = XCBuildConfiguration;
			baseConfigurationReference = 76F4B1B8FCF1EE7F45A61825 /* Pods-TapsellPlusSDK-SwiftSample.release.xcconfig */;
			buildSettings = {
				ASSETCATALOG_COMPILER_APPICON_NAME = AppIcon;
				CODE_SIGN_STYLE = Automatic;
				DEVELOPMENT_TEAM = 22N5BV2JXC;
				INFOPLIST_FILE = "TapsellPlusSDK-SwiftSample/Info.plist";
				IPHONEOS_DEPLOYMENT_TARGET = 9.0;
				LD_RUNPATH_SEARCH_PATHS = (
					"$(inherited)",
					"@executable_path/Frameworks",
				);
				PRODUCT_BUNDLE_IDENTIFIER = "cc.adapp.TapsellPlusSDK-SwiftSample";
				PRODUCT_NAME = "$(TARGET_NAME)";
				SWIFT_VERSION = 4.2;
				TARGETED_DEVICE_FAMILY = "1,2";
			};
			name = Release;
		};
/* End XCBuildConfiguration section */

/* Begin XCConfigurationList section */
		111BDC6222D295D400B5211F /* Build configuration list for PBXProject "TapsellPlusSDK-SwiftSample" */ = {
			isa = XCConfigurationList;
			buildConfigurations = (
				111BDC7722D295EC00B5211F /* Debug */,
				111BDC7822D295EC00B5211F /* Release */,
			);
			defaultConfigurationIsVisible = 0;
			defaultConfigurationName = Release;
		};
		111BDC7922D295EC00B5211F /* Build configuration list for PBXNativeTarget "TapsellPlusSDK-SwiftSample" */ = {
			isa = XCConfigurationList;
			buildConfigurations = (
				111BDC7A22D295EC00B5211F /* Debug */,
				111BDC7B22D295EC00B5211F /* Release */,
			);
			defaultConfigurationIsVisible = 0;
			defaultConfigurationName = Release;
		};
/* End XCConfigurationList section */
	};
	rootObject = 111BDC5F22D295D400B5211F /* Project object */;
}
